
Microsoft Visual Studio Solution File, Format Version 12.00
# Visual Studio Version 17
VisualStudioVersion = 17.14.36915.13 d17.14
MinimumVisualStudioVersion = 10.0.40219.1
Project("{FAE04EC0-301F-11D3-BF4B-00C04F79EFBC}") = "EcommApi", "EcommApi\EcommApi.csproj", "{9A4AFA94-7A28-460E-9DA2-71064A5EB5B5}"
EndProject
Global
	GlobalSection(SolutionConfigurationPlatforms) = preSolution
		Debug|Any CPU = Debug|Any CPU
		Release|Any CPU = Release|Any CPU
	EndGlobalSection
	GlobalSection(ProjectConfigurationPlatforms) = postSolution
		{9A4AFA94-7A28-460E-9DA2-71064A5EB5B5}.Debug|Any CPU.ActiveCfg = Debug|Any CPU
		{9A4AFA94-7A28-460E-9DA2-71064A5EB5B5}.Debug|Any CPU.Build.0 = Debug|Any CPU
		{9A4AFA94-7A28-460E-9DA2-71064A5EB5B5}.Release|Any CPU.ActiveCfg = Release|Any CPU
		{9A4AFA94-7A28-460E-9DA2-71064A5EB5B5}.Release|Any CPU.Build.0 = Release|Any CPU
	EndGlobalSection
	GlobalSection(SolutionProperties) = preSolution
		HideSolutionNode = FALSE
	EndGlobalSection
	GlobalSection(ExtensibilityGlobals) = postSolution
		SolutionGuid = {3DC986B1-B2D7-4562-A6D5-D3DC1108C8CD}
	EndGlobalSection
EndGlobal
