
Microsoft Visual Studio Solution File, Format Version 12.00
# Visual Studio Version 17
VisualStudioVersion = 17.14.36915.13 d17.14
MinimumVisualStudioVersion = 10.0.40219.1
Project("{FAE04EC0-301F-11D3-BF4B-00C04F79EFBC}") = "E-commerces", "E-commerces\E-commerces.csproj", "{3FB67BAC-159D-4138-B18A-E3D69E3B0414}"
EndProject
Global
	GlobalSection(SolutionConfigurationPlatforms) = preSolution
		Debug|Any CPU = Debug|Any CPU
		Release|Any CPU = Release|Any CPU
	EndGlobalSection
	GlobalSection(ProjectConfigurationPlatforms) = postSolution
		{3FB67BAC-159D-4138-B18A-E3D69E3B0414}.Debug|Any CPU.ActiveCfg = Debug|Any CPU
		{3FB67BAC-159D-4138-B18A-E3D69E3B0414}.Debug|Any CPU.Build.0 = Debug|Any CPU
		{3FB67BAC-159D-4138-B18A-E3D69E3B0414}.Release|Any CPU.ActiveCfg = Release|Any CPU
		{3FB67BAC-159D-4138-B18A-E3D69E3B0414}.Release|Any CPU.Build.0 = Release|Any CPU
	EndGlobalSection
	GlobalSection(SolutionProperties) = preSolution
		HideSolutionNode = FALSE
	EndGlobalSection
	GlobalSection(ExtensibilityGlobals) = postSolution
		SolutionGuid = {BEFF954F-6AC2-424C-A4CE-98FA01BD89A0}
	EndGlobalSection
EndGlobal
